// !$*UTF8*$!
{
	archiveVersion = 1;
	classes = {
	};
	objectVersion = 46;
	objects = {

/* Begin PBXBuildFile section */
		471C683418F2682F00FF6F17 /* Foundation.framework in Frameworks */ = {isa = PBXBuildFile; fileRef = 471C683318F2682F00FF6F17 /* Foundation.framework */; };
		471C683618F2682F00FF6F17 /* CoreGraphics.framework in Frameworks */ = {isa = PBXBuildFile; fileRef = 471C683518F2682F00FF6F17 /* CoreGraphics.framework */; };
		471C683818F2682F00FF6F17 /* UIKit.framework in Frameworks */ = {isa = PBXBuildFile; fileRef = 471C683718F2682F00FF6F17 /* UIKit.framework */; };
		471C683E18F2682F00FF6F17 /* InfoPlist.strings in Resources */ = {isa = PBXBuildFile; fileRef = 471C683C18F2682F00FF6F17 /* InfoPlist.strings */; };
		471C684018F2682F00FF6F17 /* main.m in Sources */ = {isa = PBXBuildFile; fileRef = 471C683F18F2682F00FF6F17 /* main.m */; };
		471C684418F2682F00FF6F17 /* AppDelegate.m in Sources */ = {isa = PBXBuildFile; fileRef = 471C684318F2682F00FF6F17 /* AppDelegate.m */; };
		471C684718F2682F00FF6F17 /* Main.storyboard in Resources */ = {isa = PBXBuildFile; fileRef = 471C684518F2682F00FF6F17 /* Main.storyboard */; };
		471C684A18F2682F00FF6F17 /* ViewController.m in Sources */ = {isa = PBXBuildFile; fileRef = 471C684918F2682F00FF6F17 /* ViewController.m */; };
		471C684C18F2682F00FF6F17 /* Images.xcassets in Resources */ = {isa = PBXBuildFile; fileRef = 471C684B18F2682F00FF6F17 /* Images.xcassets */; };
		471C685318F2682F00FF6F17 /* XCTest.framework in Frameworks */ = {isa = PBXBuildFile; fileRef = 471C685218F2682F00FF6F17 /* XCTest.framework */; };
		471C685418F2682F00FF6F17 /* Foundation.framework in Frameworks */ = {isa = PBXBuildFile; fileRef = 471C683318F2682F00FF6F17 /* Foundation.framework */; };
		471C685518F2682F00FF6F17 /* UIKit.framework in Frameworks */ = {isa = PBXBuildFile; fileRef = 471C683718F2682F00FF6F17 /* UIKit.framework */; };
		471C685D18F2682F00FF6F17 /* InfoPlist.strings in Resources */ = {isa = PBXBuildFile; fileRef = 471C685B18F2682F00FF6F17 /* InfoPlist.strings */; };
		471C685F18F2682F00FF6F17 /* tmpTests.m in Sources */ = {isa = PBXBuildFile; fileRef = 471C685E18F2682F00FF6F17 /* tmpTests.m */; };
/* End PBXBuildFile section */

/* Begin PBXContainerItemProxy section */
		471C685618F2682F00FF6F17 /* PBXContainerItemProxy */ = {
			isa = PBXContainerItemProxy;
			containerPortal = 471C682818F2682E00FF6F17 /* Project object */;
			proxyType = 1;
			remoteGlobalIDString = 471C682F18F2682F00FF6F17;
			remoteInfo = tmp;
		};
/* End PBXContainerItemProxy section */

/* Begin PBXFileReference section */
		471C683018F2682F00FF6F17 /* tmp.app */ = {isa = PBXFileReference; explicitFileType = wrapper.application; includeInIndex = 0; path = tmp.app; sourceTree = BUILT_PRODUCTS_DIR; };
		471C683318F2682F00FF6F17 /* Foundation.framework */ = {isa = PBXFileReference; lastKnownFileType = wrapper.framework; name = Foundation.framework; path = System/Library/Frameworks/Foundation.framework; sourceTree = SDKROOT; };
		471C683518F2682F00FF6F17 /* CoreGraphics.framework */ = {isa = PBXFileReference; lastKnownFileType = wrapper.framework; name = CoreGraphics.framework; path = System/Library/Frameworks/CoreGraphics.framework; sourceTree = SDKROOT; };
		471C683718F2682F00FF6F17 /* UIKit.framework */ = {isa = PBXFileReference; lastKnownFileType = wrapper.framework; name = UIKit.framework; path = System/Library/Frameworks/UIKit.framework; sourceTree = SDKROOT; };
		471C683B18F2682F00FF6F17 /* tmp-Info.plist */ = {isa = PBXFileReference; lastKnownFileType = text.plist.xml; path = "tmp-Info.plist"; sourceTree = "<group>"; };
		471C683D18F2682F00FF6F17 /* en */ = {isa = PBXFileReference; lastKnownFileType = text.plist.strings; name = en; path = en.lproj/InfoPlist.strings; sourceTree = "<group>"; };
		471C683F18F2682F00FF6F17 /* main.m */ = {isa = PBXFileReference; lastKnownFileType = sourcecode.c.objc; path = main.m; sourceTree = "<group>"; };
		471C684118F2682F00FF6F17 /* tmp-Prefix.pch */ = {isa = PBXFileReference; lastKnownFileType = sourcecode.c.h; path = "tmp-Prefix.pch"; sourceTree = "<group>"; };
		471C684218F2682F00FF6F17 /* AppDelegate.h */ = {isa = PBXFileReference; lastKnownFileType = sourcecode.c.h; path = AppDelegate.h; sourceTree = "<group>"; };
		471C684318F2682F00FF6F17 /* AppDelegate.m */ = {isa = PBXFileReference; lastKnownFileType = sourcecode.c.objc; path = AppDelegate.m; sourceTree = "<group>"; };
		471C684618F2682F00FF6F17 /* Base */ = {isa = PBXFileReference; lastKnownFileType = file.storyboard; name = Base; path = Base.lproj/Main.storyboard; sourceTree = "<group>"; };
		471C684818F2682F00FF6F17 /* ViewController.h */ = {isa = PBXFileReference; lastKnownFileType = sourcecode.c.h; path = ViewController.h; sourceTree = "<group>"; };
		471C684918F2682F00FF6F17 /* ViewController.m */ = {isa = PBXFileReference; lastKnownFileType = sourcecode.c.objc; path = ViewController.m; sourceTree = "<group>"; };
		471C684B18F2682F00FF6F17 /* Images.xcassets */ = {isa = PBXFileReference; lastKnownFileType = folder.assetcatalog; path = Images.xcassets; sourceTree = "<group>"; };
		471C685118F2682F00FF6F17 /* tmpTests.xctest */ = {isa = PBXFileReference; explicitFileType = wrapper.cfbundle; includeInIndex = 0; path = tmpTests.xctest; sourceTree = BUILT_PRODUCTS_DIR; };
		471C685218F2682F00FF6F17 /* XCTest.framework */ = {isa = PBXFileReference; lastKnownFileType = wrapper.framework; name = XCTest.framework; path = Library/Frameworks/XCTest.framework; sourceTree = DEVELOPER_DIR; };
		471C685A18F2682F00FF6F17 /* tmpTests-Info.plist */ = {isa = PBXFileReference; lastKnownFileType = text.plist.xml; path = "tmpTests-Info.plist"; sourceTree = "<group>"; };
		471C685C18F2682F00FF6F17 /* en */ = {isa = PBXFileReference; lastKnownFileType = text.plist.strings; name = en; path = en.lproj/InfoPlist.strings; sourceTree = "<group>"; };
		471C685E18F2682F00FF6F17 /* tmpTests.m */ = {isa = PBXFileReference; lastKnownFileType = sourcecode.c.objc; path = tmpTests.m; sourceTree = "<group>"; };
/* End PBXFileReference section */

/* Begin PBXFrameworksBuildPhase section */
		471C682D18F2682F00FF6F17 /* Frameworks */ = {
			isa = PBXFrameworksBuildPhase;
			buildActionMask = 2147483647;
			files = (
				471C683618F2682F00FF6F17 /* CoreGraphics.framework in Frameworks */,
				471C683818F2682F00FF6F17 /* UIKit.framework in Frameworks */,
				471C683418F2682F00FF6F17 /* Foundation.framework in Frameworks */,
			);
			runOnlyForDeploymentPostprocessing = 0;
		};
		471C684E18F2682F00FF6F17 /* Frameworks */ = {
			isa = PBXFrameworksBuildPhase;
			buildActionMask = 2147483647;
			files = (
				471C685318F2682F00FF6F17 /* XCTest.framework in Frameworks */,
				471C685518F2682F00FF6F17 /* UIKit.framework in Frameworks */,
				471C685418F2682F00FF6F17 /* Foundation.framework in Frameworks */,
			);
			runOnlyForDeploymentPostprocessing = 0;
		};
/* End PBXFrameworksBuildPhase section */

/* Begin PBXGroup section */
		471C682718F2682E00FF6F17 = {
			isa = PBXGroup;
			children = (
				471C683918F2682F00FF6F17 /* tmp */,
				471C685818F2682F00FF6F17 /* tmpTests */,
				471C683218F2682F00FF6F17 /* Frameworks */,
				471C683118F2682F00FF6F17 /* Products */,
			);
			sourceTree = "<group>";
		};
		471C683118F2682F00FF6F17 /* Products */ = {
			isa = PBXGroup;
			children = (
				471C683018F2682F00FF6F17 /* tmp.app */,
				471C685118F2682F00FF6F17 /* tmpTests.xctest */,
			);
			name = Products;
			sourceTree = "<group>";
		};
		471C683218F2682F00FF6F17 /* Frameworks */ = {
			isa = PBXGroup;
			children = (
				471C683318F2682F00FF6F17 /* Foundation.framework */,
				471C683518F2682F00FF6F17 /* CoreGraphics.framework */,
				471C683718F2682F00FF6F17 /* UIKit.framework */,
				471C685218F2682F00FF6F17 /* XCTest.framework */,
			);
			name = Frameworks;
			sourceTree = "<group>";
		};
		471C683918F2682F00FF6F17 /* tmp */ = {
			isa = PBXGroup;
			children = (
				471C684218F2682F00FF6F17 /* AppDelegate.h */,
				471C684318F2682F00FF6F17 /* AppDelegate.m */,
				471C684518F2682F00FF6F17 /* Main.storyboard */,
				471C684818F2682F00FF6F17 /* ViewController.h */,
				471C684918F2682F00FF6F17 /* ViewController.m */,
				471C684B18F2682F00FF6F17 /* Images.xcassets */,
				471C683A18F2682F00FF6F17 /* Supporting Files */,
			);
			path = tmp;
			sourceTree = "<group>";
		};
		471C683A18F2682F00FF6F17 /* Supporting Files */ = {
			isa = PBXGroup;
			children = (
				471C683B18F2682F00FF6F17 /* tmp-Info.plist */,
				471C683C18F2682F00FF6F17 /* InfoPlist.strings */,
				471C683F18F2682F00FF6F17 /* main.m */,
				471C684118F2682F00FF6F17 /* tmp-Prefix.pch */,
			);
			name = "Supporting Files";
			sourceTree = "<group>";
		};
		471C685818F2682F00FF6F17 /* tmpTests */ = {
			isa = PBXGroup;
			children = (
				471C685E18F2682F00FF6F17 /* tmpTests.m */,
				471C685918F2682F00FF6F17 /* Supporting Files */,
			);
			path = tmpTests;
			sourceTree = "<group>";
		};
		471C685918F2682F00FF6F17 /* Supporting Files */ = {
			isa = PBXGroup;
			children = (
				471C685A18F2682F00FF6F17 /* tmpTests-Info.plist */,
				471C685B18F2682F00FF6F17 /* InfoPlist.strings */,
			);
			name = "Supporting Files";
			sourceTree = "<group>";
		};
/* End PBXGroup section */

/* Begin PBXNativeTarget section */
		471C682F18F2682F00FF6F17 /* tmp */ = {
			isa = PBXNativeTarget;
			buildConfigurationList = 471C686218F2682F00FF6F17 /* Build configuration list for PBXNativeTarget "tmp" */;
			buildPhases = (
				471C682C18F2682F00FF6F17 /* Sources */,
				471C682D18F2682F00FF6F17 /* Frameworks */,
				471C682E18F2682F00FF6F17 /* Resources */,
			);
			buildRules = (
			);
			dependencies = (
			);
			name = tmp;
			productName = tmp;
			productReference = 471C683018F2682F00FF6F17 /* tmp.app */;
			productType = "com.apple.product-type.application";
		};
		471C685018F2682F00FF6F17 /* tmpTests */ = {
			isa = PBXNativeTarget;
			buildConfigurationList = 471C686518F2682F00FF6F17 /* Build configuration list for PBXNativeTarget "tmpTests" */;
			buildPhases = (
				471C684D18F2682F00FF6F17 /* Sources */,
				471C684E18F2682F00FF6F17 /* Frameworks */,
				471C684F18F2682F00FF6F17 /* Resources */,
			);
			buildRules = (
			);
			dependencies = (
				471C685718F2682F00FF6F17 /* PBXTargetDependency */,
			);
			name = tmpTests;
			productName = tmpTests;
			productReference = 471C685118F2682F00FF6F17 /* tmpTests.xctest */;
			productType = "com.apple.product-type.bundle.unit-test";
		};
/* End PBXNativeTarget section */

/* Begin PBXProject section */
		471C682818F2682E00FF6F17 /* Project object */ = {
			isa = PBXProject;
			attributes = {
				LastUpgradeCheck = 0510;
				ORGANIZATIONNAME = "逍遥游网络";
				TargetAttributes = {
					471C685018F2682F00FF6F17 = {
						TestTargetID = 471C682F18F2682F00FF6F17;
					};
				};
			};
			buildConfigurationList = 471C682B18F2682F00FF6F17 /* Build configuration list for PBXProject "tmp" */;
			compatibilityVersion = "Xcode 3.2";
			developmentRegion = English;
			hasScannedForEncodings = 0;
			knownRegions = (
				en,
				Base,
			);
			mainGroup = 471C682718F2682E00FF6F17;
			productRefGroup = 471C683118F2682F00FF6F17 /* Products */;
			projectDirPath = "";
			projectRoot = "";
			targets = (
				471C682F18F2682F00FF6F17 /* tmp */,
				471C685018F2682F00FF6F17 /* tmpTests */,
			);
		};
/* End PBXProject section */

/* Begin PBXResourcesBuildPhase section */
		471C682E18F2682F00FF6F17 /* Resources */ = {
			isa = PBXResourcesBuildPhase;
			buildActionMask = 2147483647;
			files = (
				471C684C18F2682F00FF6F17 /* Images.xcassets in Resources */,
				471C683E18F2682F00FF6F17 /* InfoPlist.strings in Resources */,
				471C684718F2682F00FF6F17 /* Main.storyboard in Resources */,
			);
			runOnlyForDeploymentPostprocessing = 0;
		};
		471C684F18F2682F00FF6F17 /* Resources */ = {
			isa = PBXResourcesBuildPhase;
			buildActionMask = 2147483647;
			files = (
				471C685D18F2682F00FF6F17 /* InfoPlist.strings in Resources */,
			);
			runOnlyForDeploymentPostprocessing = 0;
		};
/* End PBXResourcesBuildPhase section */

/* Begin PBXSourcesBuildPhase section */
		471C682C18F2682F00FF6F17 /* Sources */ = {
			isa = PBXSourcesBuildPhase;
			buildActionMask = 2147483647;
			files = (
				471C684A18F2682F00FF6F17 /* ViewController.m in Sources */,
				471C684418F2682F00FF6F17 /* AppDelegate.m in Sources */,
				471C684018F2682F00FF6F17 /* main.m in Sources */,
			);
			runOnlyForDeploymentPostprocessing = 0;
		};
		471C684D18F2682F00FF6F17 /* Sources */ = {
			isa = PBXSourcesBuildPhase;
			buildActionMask = 2147483647;
			files = (
				471C685F18F2682F00FF6F17 /* tmpTests.m in Sources */,
			);
			runOnlyForDeploymentPostprocessing = 0;
		};
/* End PBXSourcesBuildPhase section */

/* Begin PBXTargetDependency section */
		471C685718F2682F00FF6F17 /* PBXTargetDependency */ = {
			isa = PBXTargetDependency;
			target = 471C682F18F2682F00FF6F17 /* tmp */;
			targetProxy = 471C685618F2682F00FF6F17 /* PBXContainerItemProxy */;
		};
/* End PBXTargetDependency section */

/* Begin PBXVariantGroup section */
		471C683C18F2682F00FF6F17 /* InfoPlist.strings */ = {
			isa = PBXVariantGroup;
			children = (
				471C683D18F2682F00FF6F17 /* en */,
			);
			name = InfoPlist.strings;
			sourceTree = "<group>";
		};
		471C684518F2682F00FF6F17 /* Main.storyboard */ = {
			isa = PBXVariantGroup;
			children = (
				471C684618F2682F00FF6F17 /* Base */,
			);
			name = Main.storyboard;
			sourceTree = "<group>";
		};
		471C685B18F2682F00FF6F17 /* InfoPlist.strings */ = {
			isa = PBXVariantGroup;
			children = (
				471C685C18F2682F00FF6F17 /* en */,
			);
			name = InfoPlist.strings;
			sourceTree = "<group>";
		};
/* End PBXVariantGroup section */

/* Begin XCBuildConfiguration section */
		471C686018F2682F00FF6F17 /* Debug */ = {
			isa = XCBuildConfiguration;
			buildSettings = {
				ALWAYS_SEARCH_USER_PATHS = NO;
				CLANG_CXX_LANGUAGE_STANDARD = "gnu++0x";
				CLANG_CXX_LIBRARY = "libc++";
				CLANG_ENABLE_MODULES = YES;
				CLANG_ENABLE_OBJC_ARC = YES;
				CLANG_WARN_BOOL_CONVERSION = YES;
				CLANG_WARN_CONSTANT_CONVERSION = YES;
				CLANG_WARN_DIRECT_OBJC_ISA_USAGE = YES_ERROR;
				CLANG_WARN_EMPTY_BODY = YES;
				CLANG_WARN_ENUM_CONVERSION = YES;
				CLANG_WARN_INT_CONVERSION = YES;
				CLANG_WARN_OBJC_ROOT_CLASS = YES_ERROR;
				CLANG_WARN__DUPLICATE_METHOD_MATCH = YES;
				"CODE_SIGN_IDENTITY[sdk=iphoneos*]" = "iPhone Developer";
				COPY_PHASE_STRIP = NO;
				GCC_C_LANGUAGE_STANDARD = gnu99;
				GCC_DYNAMIC_NO_PIC = NO;
				GCC_OPTIMIZATION_LEVEL = 0;
				GCC_PREPROCESSOR_DEFINITIONS = (
					"DEBUG=1",
					"$(inherited)",
				);
				GCC_SYMBOLS_PRIVATE_EXTERN = NO;
				GCC_WARN_64_TO_32_BIT_CONVERSION = YES;
				GCC_WARN_ABOUT_RETURN_TYPE = YES_ERROR;
				GCC_WARN_UNDECLARED_SELECTOR = YES;
				GCC_WARN_UNINITIALIZED_AUTOS = YES_AGGRESSIVE;
				GCC_WARN_UNUSED_FUNCTION = YES;
				GCC_WARN_UNUSED_VARIABLE = YES;
				IPHONEOS_DEPLOYMENT_TARGET = 7.1;
				ONLY_ACTIVE_ARCH = YES;
				SDKROOT = iphoneos;
			};
			name = Debug;
		};
		471C686118F2682F00FF6F17 /* Release */ = {
			isa = XCBuildConfiguration;
			buildSettings = {
				ALWAYS_SEARCH_USER_PATHS = NO;
				CLANG_CXX_LANGUAGE_STANDARD = "gnu++0x";
				CLANG_CXX_LIBRARY = "libc++";
				CLANG_ENABLE_MODULES = YES;
				CLANG_ENABLE_OBJC_ARC = YES;
				CLANG_WARN_BOOL_CONVERSION = YES;
				CLANG_WARN_CONSTANT_CONVERSION = YES;
				CLANG_WARN_DIRECT_OBJC_ISA_USAGE = YES_ERROR;
				CLANG_WARN_EMPTY_BODY = YES;
				CLANG_WARN_ENUM_CONVERSION = YES;
				CLANG_WARN_INT_CONVERSION = YES;
				CLANG_WARN_OBJC_ROOT_CLASS = YES_ERROR;
				CLANG_WARN__DUPLICATE_METHOD_MATCH = YES;
				"CODE_SIGN_IDENTITY[sdk=iphoneos*]" = "iPhone Developer";
				COPY_PHASE_STRIP = YES;
				ENABLE_NS_ASSERTIONS = NO;
				GCC_C_LANGUAGE_STANDARD = gnu99;
				GCC_WARN_64_TO_32_BIT_CONVERSION = YES;
				GCC_WARN_ABOUT_RETURN_TYPE = YES_ERROR;
				GCC_WARN_UNDECLARED_SELECTOR = YES;
				GCC_WARN_UNINITIALIZED_AUTOS = YES_AGGRESSIVE;
				GCC_WARN_UNUSED_FUNCTION = YES;
				GCC_WARN_UNUSED_VARIABLE = YES;
				IPHONEOS_DEPLOYMENT_TARGET = 7.1;
				SDKROOT = iphoneos;
				VALIDATE_PRODUCT = YES;
			};
			name = Release;
		};
		471C686318F2682F00FF6F17 /* Debug */ = {
			isa = XCBuildConfiguration;
			buildSettings = {
				ASSETCATALOG_COMPILER_APPICON_NAME = AppIcon;
				ASSETCATALOG_COMPILER_LAUNCHIMAGE_NAME = LaunchImage;
				GCC_PRECOMPILE_PREFIX_HEADER = YES;
				GCC_PREFIX_HEADER = "tmp/tmp-Prefix.pch";
				INFOPLIST_FILE = "tmp/tmp-Info.plist";
				PRODUCT_NAME = "$(TARGET_NAME)";
				WRAPPER_EXTENSION = app;
			};
			name = Debug;
		};
		471C686418F2682F00FF6F17 /* Release */ = {
			isa = XCBuildConfiguration;
			buildSettings = {
				ASSETCATALOG_COMPILER_APPICON_NAME = AppIcon;
				ASSETCATALOG_COMPILER_LAUNCHIMAGE_NAME = LaunchImage;
				GCC_PRECOMPILE_PREFIX_HEADER = YES;
				GCC_PREFIX_HEADER = "tmp/tmp-Prefix.pch";
				INFOPLIST_FILE = "tmp/tmp-Info.plist";
				PRODUCT_NAME = "$(TARGET_NAME)";
				WRAPPER_EXTENSION = app;
			};
			name = Release;
		};
		471C686618F2682F00FF6F17 /* Debug */ = {
			isa = XCBuildConfiguration;
			buildSettings = {
				BUNDLE_LOADER = "$(BUILT_PRODUCTS_DIR)/tmp.app/tmp";
				FRAMEWORK_SEARCH_PATHS = (
					"$(SDKROOT)/Developer/Library/Frameworks",
					"$(inherited)",
					"$(DEVELOPER_FRAMEWORKS_DIR)",
				);
				GCC_PRECOMPILE_PREFIX_HEADER = YES;
				GCC_PREFIX_HEADER = "tmp/tmp-Prefix.pch";
				GCC_PREPROCESSOR_DEFINITIONS = (
					"DEBUG=1",
					"$(inherited)",
				);
				INFOPLIST_FILE = "tmpTests/tmpTests-Info.plist";
				PRODUCT_NAME = "$(TARGET_NAME)";
				TEST_HOST = "$(BUNDLE_LOADER)";
				WRAPPER_EXTENSION = xctest;
			};
			name = Debug;
		};
		471C686718F2682F00FF6F17 /* Release */ = {
			isa = XCBuildConfiguration;
			buildSettings = {
				BUNDLE_LOADER = "$(BUILT_PRODUCTS_DIR)/tmp.app/tmp";
				FRAMEWORK_SEARCH_PATHS = (
					"$(SDKROOT)/Developer/Library/Frameworks",
					"$(inherited)",
					"$(DEVELOPER_FRAMEWORKS_DIR)",
				);
				GCC_PRECOMPILE_PREFIX_HEADER = YES;
				GCC_PREFIX_HEADER = "tmp/tmp-Prefix.pch";
				INFOPLIST_FILE = "tmpTests/tmpTests-Info.plist";
				PRODUCT_NAME = "$(TARGET_NAME)";
				TEST_HOST = "$(BUNDLE_LOADER)";
				WRAPPER_EXTENSION = xctest;
			};
			name = Release;
		};
/* End XCBuildConfiguration section */

/* Begin XCConfigurationList section */
		471C682B18F2682F00FF6F17 /* Build configuration list for PBXProject "tmp" */ = {
			isa = XCConfigurationList;
			buildConfigurations = (
				471C686018F2682F00FF6F17 /* Debug */,
				471C686118F2682F00FF6F17 /* Release */,
			);
			defaultConfigurationIsVisible = 0;
			defaultConfigurationName = Release;
		};
		471C686218F2682F00FF6F17 /* Build configuration list for PBXNativeTarget "tmp" */ = {
			isa = XCConfigurationList;
			buildConfigurations = (
				471C686318F2682F00FF6F17 /* Debug */,
				471C686418F2682F00FF6F17 /* Release */,
			);
			defaultConfigurationIsVisible = 0;
		};
		471C686518F2682F00FF6F17 /* Build configuration list for PBXNativeTarget "tmpTests" */ = {
			isa = XCConfigurationList;
			buildConfigurations = (
				471C686618F2682F00FF6F17 /* Debug */,
				471C686718F2682F00FF6F17 /* Release */,
			);
			defaultConfigurationIsVisible = 0;
		};
/* End XCConfigurationList section */
	};
	rootObject = 471C682818F2682E00FF6F17 /* Project object */;
}
